{
    "version": 3,
    "terraform_version": "0.11.13",
    "serial": 35,
    "lineage": "e6aff536-e010-afc1-b8ce-2a98e6c91589",
    "modules": [
        {
            "path": [
                "root"
            ],
            "outputs": {},
            "resources": {
                "aws_iam_instance_profile.directeam_profile": {
                    "type": "aws_iam_instance_profile",
                    "depends_on": [
                        "aws_iam_role.iam_directeam_role"
                    ],
                    "primary": {
                        "id": "directeam_profile",
                        "attributes": {
                            "arn": "arn:aws:iam::842268280435:instance-profile/directeam_profile",
                            "create_date": "2019-03-31T19:09:27Z",
                            "id": "directeam_profile",
                            "name": "directeam_profile",
                            "path": "/",
                            "role": "directeam_role",
                            "roles.#": "1",
                            "roles.2114935198": "directeam_role",
                            "unique_id": "AIPA4IGY2AZZ623S2O2NF"
                        },
                        "meta": {},
                        "tainted": false
                    },
                    "deposed": [],
                    "provider": "provider.aws"
                },
                "aws_iam_role.iam_directeam_role": {
                    "type": "aws_iam_role",
                    "depends_on": [],
                    "primary": {
                        "id": "directeam_role",
                        "attributes": {
                            "arn": "arn:aws:iam::842268280435:role/directeam_role",
                            "assume_role_policy": "{\"Version\":\"2012-10-17\",\"Statement\":[{\"Sid\":\"\",\"Effect\":\"Allow\",\"Principal\":{\"Service\":\"ec2.amazonaws.com\"},\"Action\":\"sts:AssumeRole\"}]}",
                            "create_date": "2019-03-31T19:09:26Z",
                            "description": "",
                            "force_detach_policies": "false",
                            "id": "directeam_role",
                            "max_session_duration": "3600",
                            "name": "directeam_role",
                            "path": "/",
                            "tags.%": "1",
                            "tags.tag-key": "tag-value",
                            "unique_id": "AROA4IGY2AZZYECV7WIFP"
                        },
                        "meta": {},
                        "tainted": false
                    },
                    "deposed": [],
                    "provider": "provider.aws"
                },
                "aws_iam_role_policy.inline_policy": {
                    "type": "aws_iam_role_policy",
                    "depends_on": [
                        "aws_iam_role.iam_directeam_role"
                    ],
                    "primary": {
                        "id": "directeam_role:inline_policy",
                        "attributes": {
                            "id": "directeam_role:inline_policy",
                            "name": "inline_policy",
                            "policy": "{\n  \"Version\": \"2012-10-17\",\n  \"Statement\": [\n    {\n      \"Action\": [\n        \"ec2:*\"\n      ],\n      \"Effect\": \"Allow\",\n      \"Resource\": \"*\"\n    }\n  ]\n}\n",
                            "role": "directeam_role"
                        },
                        "meta": {},
                        "tainted": false
                    },
                    "deposed": [],
                    "provider": "provider.aws"
                },
                "aws_internet_gateway.gw": {
                    "type": "aws_internet_gateway",
                    "depends_on": [
                        "aws_vpc.main"
                    ],
                    "primary": {
                        "id": "igw-0b268e4f989b5a1e9",
                        "attributes": {
                            "id": "igw-0b268e4f989b5a1e9",
                            "owner_id": "842268280435",
                            "tags.%": "1",
                            "tags.Name": "VPC IGW",
                            "vpc_id": "vpc-0560188fe02e5261f"
                        },
                        "meta": {},
                        "tainted": false
                    },
                    "deposed": [],
                    "provider": "provider.aws"
                },
                "aws_key_pair.default": {
                    "type": "aws_key_pair",
                    "depends_on": [],
                    "primary": {
                        "id": "aws_directeam_ec2_key",
                        "attributes": {
                            "fingerprint": "9c:c9:5a:cd:8c:22:56:0d:0b:00:23:aa:fb:b7:16:70",
                            "id": "aws_directeam_ec2_key",
                            "key_name": "aws_directeam_ec2_key",
                            "public_key": "ssh-rsa AAAAB3NzaC1yc2EAAAADAQABAAABAQDZxwnraVTEt+FZvBpHKsyzRoykRbDr+AlTQpg4gtsqKYpsiBCMnKQl60qfiNk738q4bkceYU2mgQqjbJQjhfPKikoMY1sVrvLaJ4APK/7B58lyAz4Va75sS0+hgZQToCG8YPvByrCrLy6ecMX2ClZLJZahUXQV32LQIb6To3IP7SU1EHOXeMa4ZXY+bcdrgCXnrXeRvdP9bpf8151J9mM/pJE/mpHHQgeXDFb3Gk3e97cWHNRMxAM7gp+uPp2sEdI09nO8EWHe04TVIPqXa1NSLJShM0K6IbZS+53z3QK1huTn4c2eY5z1Jcoe8zHwnSgQwh5bRn/m3p8POtG3+MSt yagel@yagel-ubuntu"
                        },
                        "meta": {
                            "schema_version": "1"
                        },
                        "tainted": false
                    },
                    "deposed": [],
                    "provider": "provider.aws"
                },
                "aws_route_table.web-public-rt": {
                    "type": "aws_route_table",
                    "depends_on": [
                        "aws_internet_gateway.gw",
                        "aws_vpc.main"
                    ],
                    "primary": {
                        "id": "rtb-073018b28afbbdb96",
                        "attributes": {
                            "id": "rtb-073018b28afbbdb96",
                            "owner_id": "842268280435",
                            "propagating_vgws.#": "0",
                            "route.#": "1",
                            "route.785735900.cidr_block": "0.0.0.0/0",
                            "route.785735900.egress_only_gateway_id": "",
                            "route.785735900.gateway_id": "igw-0b268e4f989b5a1e9",
                            "route.785735900.instance_id": "",
                            "route.785735900.ipv6_cidr_block": "",
                            "route.785735900.nat_gateway_id": "",
                            "route.785735900.network_interface_id": "",
                            "route.785735900.transit_gateway_id": "",
                            "route.785735900.vpc_peering_connection_id": "",
                            "tags.%": "1",
                            "tags.Name": "Public Subnet RT",
                            "vpc_id": "vpc-0560188fe02e5261f"
                        },
                        "meta": {},
                        "tainted": false
                    },
                    "deposed": [],
                    "provider": "provider.aws"
                },
                "aws_route_table_association.web-public-rt": {
                    "type": "aws_route_table_association",
                    "depends_on": [
                        "aws_route_table.web-public-rt",
                        "aws_subnet.public-subnet"
                    ],
                    "primary": {
                        "id": "rtbassoc-0cad8ae4d9b3ee213",
                        "attributes": {
                            "id": "rtbassoc-0cad8ae4d9b3ee213",
                            "route_table_id": "rtb-073018b28afbbdb96",
                            "subnet_id": "subnet-0f0cdf4f97877075d"
                        },
                        "meta": {},
                        "tainted": false
                    },
                    "deposed": [],
                    "provider": "provider.aws"
                },
                "aws_security_group.sgweb": {
                    "type": "aws_security_group",
                    "depends_on": [
                        "aws_vpc.main"
                    ],
                    "primary": {
                        "id": "sg-0ec0bf25763fc89f8",
                        "attributes": {
                            "arn": "arn:aws:ec2:us-east-1:842268280435:security-group/sg-0ec0bf25763fc89f8",
                            "description": "Allow incoming HTTP connections \u0026 SSH access",
                            "egress.#": "1",
                            "egress.482069346.cidr_blocks.#": "1",
                            "egress.482069346.cidr_blocks.0": "0.0.0.0/0",
                            "egress.482069346.description": "",
                            "egress.482069346.from_port": "0",
                            "egress.482069346.ipv6_cidr_blocks.#": "0",
                            "egress.482069346.prefix_list_ids.#": "0",
                            "egress.482069346.protocol": "-1",
                            "egress.482069346.security_groups.#": "0",
                            "egress.482069346.self": "false",
                            "egress.482069346.to_port": "0",
                            "id": "sg-0ec0bf25763fc89f8",
                            "ingress.#": "1",
                            "ingress.2541437006.cidr_blocks.#": "1",
                            "ingress.2541437006.cidr_blocks.0": "0.0.0.0/0",
                            "ingress.2541437006.description": "",
                            "ingress.2541437006.from_port": "22",
                            "ingress.2541437006.ipv6_cidr_blocks.#": "0",
                            "ingress.2541437006.prefix_list_ids.#": "0",
                            "ingress.2541437006.protocol": "tcp",
                            "ingress.2541437006.security_groups.#": "0",
                            "ingress.2541437006.self": "false",
                            "ingress.2541437006.to_port": "22",
                            "name": "vpc_sg_web",
                            "owner_id": "842268280435",
                            "revoke_rules_on_delete": "false",
                            "tags.%": "1",
                            "tags.Name": "Web Server SG",
                            "vpc_id": "vpc-0560188fe02e5261f"
                        },
                        "meta": {
                            "e2bfb730-ecaa-11e6-8f88-34363bc7c4c0": {
                                "create": 600000000000,
                                "delete": 600000000000
                            },
                            "schema_version": "1"
                        },
                        "tainted": false
                    },
                    "deposed": [],
                    "provider": "provider.aws"
                },
                "aws_subnet.public-subnet": {
                    "type": "aws_subnet",
                    "depends_on": [
                        "aws_vpc.main"
                    ],
                    "primary": {
                        "id": "subnet-0f0cdf4f97877075d",
                        "attributes": {
                            "arn": "arn:aws:ec2:us-east-1:842268280435:subnet/subnet-0f0cdf4f97877075d",
                            "assign_ipv6_address_on_creation": "false",
                            "availability_zone": "us-east-1c",
                            "availability_zone_id": "use1-az6",
                            "cidr_block": "10.135.0.0/22",
                            "id": "subnet-0f0cdf4f97877075d",
                            "ipv6_cidr_block": "",
                            "ipv6_cidr_block_association_id": "",
                            "map_public_ip_on_launch": "false",
                            "owner_id": "842268280435",
                            "tags.%": "1",
                            "tags.Name": "subnet1",
                            "vpc_id": "vpc-0560188fe02e5261f"
                        },
                        "meta": {
                            "e2bfb730-ecaa-11e6-8f88-34363bc7c4c0": {
                                "create": 600000000000,
                                "delete": 600000000000
                            },
                            "schema_version": "1"
                        },
                        "tainted": false
                    },
                    "deposed": [],
                    "provider": "provider.aws"
                },
                "aws_vpc.main": {
                    "type": "aws_vpc",
                    "depends_on": [],
                    "primary": {
                        "id": "vpc-0560188fe02e5261f",
                        "attributes": {
                            "arn": "arn:aws:ec2:us-east-1:842268280435:vpc/vpc-0560188fe02e5261f",
                            "assign_generated_ipv6_cidr_block": "false",
                            "cidr_block": "10.135.0.0/16",
                            "default_network_acl_id": "acl-01641aa1eae391962",
                            "default_route_table_id": "rtb-0c563d0f8e66ace9a",
                            "default_security_group_id": "sg-0bb6829dfc677ea04",
                            "dhcp_options_id": "dopt-3fb79e44",
                            "enable_classiclink": "false",
                            "enable_classiclink_dns_support": "false",
                            "enable_dns_hostnames": "true",
                            "enable_dns_support": "true",
                            "id": "vpc-0560188fe02e5261f",
                            "instance_tenancy": "default",
                            "ipv6_association_id": "",
                            "ipv6_cidr_block": "",
                            "main_route_table_id": "rtb-0c563d0f8e66ace9a",
                            "owner_id": "842268280435",
                            "tags.%": "1",
                            "tags.Name": "main"
                        },
                        "meta": {
                            "schema_version": "1"
                        },
                        "tainted": false
                    },
                    "deposed": [],
                    "provider": "provider.aws"
                }
            },
            "depends_on": []
        }
    ]
}
