{
    "version": 3,
    "terraform_version": "0.11.13",
    "serial": 33,
    "lineage": "bbdfd798-9fbb-ea8e-bb2f-c3f1e27b4048",
    "modules": [
        {
            "path": [
                "root"
            ],
            "outputs": {},
            "resources": {
                "aws_elasticsearch_domain.test_cluster": {
                    "type": "aws_elasticsearch_domain",
                    "depends_on": [
                        "aws_iam_service_linked_role.es"
                    ],
                    "primary": {
                        "id": "arn:aws:es:us-east-1:842268280435:domain/firehose-es-test-yagel",
                        "attributes": {
                            "access_policies": "{\"Statement\":[{\"Action\":\"es:*\",\"Effect\":\"Allow\",\"Principal\":\"*\",\"Resource\":\"arn:aws:es:us-east-1:842268280435:domain/firehose-es-test-yagel/*\"}],\"Version\":\"2012-10-17\"}",
                            "advanced_options.%": "1",
                            "advanced_options.rest.action.multi.allow_explicit_index": "true",
                            "arn": "arn:aws:es:us-east-1:842268280435:domain/firehose-es-test-yagel",
                            "cluster_config.#": "1",
                            "cluster_config.0.dedicated_master_count": "0",
                            "cluster_config.0.dedicated_master_enabled": "false",
                            "cluster_config.0.dedicated_master_type": "",
                            "cluster_config.0.instance_count": "1",
                            "cluster_config.0.instance_type": "t2.small.elasticsearch",
                            "cluster_config.0.zone_awareness_enabled": "false",
                            "cognito_options.#": "1",
                            "cognito_options.0.enabled": "false",
                            "cognito_options.0.identity_pool_id": "",
                            "cognito_options.0.role_arn": "",
                            "cognito_options.0.user_pool_id": "",
                            "domain_id": "842268280435/firehose-es-test-yagel",
                            "domain_name": "firehose-es-test-yagel",
                            "ebs_options.#": "1",
                            "ebs_options.0.ebs_enabled": "true",
                            "ebs_options.0.iops": "0",
                            "ebs_options.0.volume_size": "10",
                            "ebs_options.0.volume_type": "gp2",
                            "elasticsearch_version": "6.4",
                            "encrypt_at_rest.#": "1",
                            "encrypt_at_rest.0.enabled": "false",
                            "encrypt_at_rest.0.kms_key_id": "",
                            "endpoint": "search-firehose-es-test-yagel-3myfh52kifpam6atndhqo4klz4.us-east-1.es.amazonaws.com",
                            "id": "arn:aws:es:us-east-1:842268280435:domain/firehose-es-test-yagel",
                            "kibana_endpoint": "search-firehose-es-test-yagel-3myfh52kifpam6atndhqo4klz4.us-east-1.es.amazonaws.com/_plugin/kibana/",
                            "node_to_node_encryption.#": "1",
                            "node_to_node_encryption.0.enabled": "false",
                            "snapshot_options.#": "1",
                            "snapshot_options.0.automated_snapshot_start_hour": "0",
                            "tags.%": "0"
                        },
                        "meta": {},
                        "tainted": false
                    },
                    "deposed": [],
                    "provider": "provider.aws"
                },
                "aws_elasticsearch_domain_policy.main": {
                    "type": "aws_elasticsearch_domain_policy",
                    "depends_on": [
                        "aws_elasticsearch_domain.test_cluster"
                    ],
                    "primary": {
                        "id": "esd-policy-firehose-es-test-yagel",
                        "attributes": {
                            "access_policies": "{\"Version\":\"2012-10-17\",\"Statement\":[{\"Effect\":\"Allow\",\"Principal\":{\"AWS\":\"*\"},\"Action\":\"es:*\",\"Resource\":\"arn:aws:es:us-east-1:842268280435:domain/arn:aws:es:us-east-1:842268280435:domain/firehose-es-test-yagel/*\"}]}",
                            "domain_name": "firehose-es-test-yagel",
                            "id": "esd-policy-firehose-es-test-yagel"
                        },
                        "meta": {},
                        "tainted": false
                    },
                    "deposed": [],
                    "provider": "provider.aws"
                },
                "aws_iam_role.admin-access-role": {
                    "type": "aws_iam_role",
                    "depends_on": [],
                    "primary": {
                        "id": "AdminAccessRole",
                        "attributes": {
                            "arn": "arn:aws:iam::842268280435:role/AdminAccessRole",
                            "assume_role_policy": "{\"Version\":\"2012-10-17\",\"Statement\":[{\"Effect\":\"Allow\",\"Principal\":{\"Service\":\"firehose.amazonaws.com\"},\"Action\":\"sts:AssumeRole\",\"Condition\":{\"StringEquals\":{\"sts:ExternalId\":\"842268280435\"}}}]}",
                            "create_date": "2019-03-30T17:42:42Z",
                            "description": "",
                            "force_detach_policies": "false",
                            "id": "AdminAccessRole",
                            "max_session_duration": "3600",
                            "name": "AdminAccessRole",
                            "path": "/",
                            "tags.%": "0",
                            "unique_id": "AROA4IGY2AZZ4UIQTAVSD"
                        },
                        "meta": {},
                        "tainted": false
                    },
                    "deposed": [],
                    "provider": "provider.aws"
                },
                "aws_iam_role.firehose_role": {
                    "type": "aws_iam_role",
                    "depends_on": [],
                    "primary": {
                        "id": "firehose_test_role",
                        "attributes": {
                            "arn": "arn:aws:iam::842268280435:role/firehose_test_role",
                            "assume_role_policy": "{\"Version\":\"2012-10-17\",\"Statement\":[{\"Sid\":\"\",\"Effect\":\"Allow\",\"Principal\":{\"Service\":\"firehose.amazonaws.com\"},\"Action\":\"sts:AssumeRole\"}]}",
                            "create_date": "2019-03-29T16:02:14Z",
                            "description": "",
                            "force_detach_policies": "false",
                            "id": "firehose_test_role",
                            "max_session_duration": "3600",
                            "name": "firehose_test_role",
                            "path": "/",
                            "tags.%": "0",
                            "unique_id": "AROA4IGY2AZZT5FAD6XAF"
                        },
                        "meta": {},
                        "tainted": false
                    },
                    "deposed": [],
                    "provider": "provider.aws"
                },
                "aws_iam_role_policy.inline-policy": {
                    "type": "aws_iam_role_policy",
                    "depends_on": [
                        "aws_iam_role.firehose_role",
                        "aws_kinesis_stream.test_stream",
                        "aws_s3_bucket.bucket"
                    ],
                    "primary": {
                        "id": "firehose_test_role:firehose_yagel_inline_policy",
                        "attributes": {
                            "id": "firehose_test_role:firehose_yagel_inline_policy",
                            "name": "firehose_yagel_inline_policy",
                            "policy": "{\n  \"Version\": \"2012-10-17\",\n  \"Statement\": [\n    {\n      \"Effect\": \"Allow\",\n      \"Action\": [\n        \"s3:AbortMultipartUpload\",\n        \"s3:GetBucketLocation\",\n        \"s3:GetObject\",\n        \"s3:ListBucket\",\n        \"s3:ListBucketMultipartUploads\",\n        \"s3:PutObject\"\n      ],\n      \"Resource\": [\n        \"arn:aws:s3:::tf-test-yagel-bucket\",\n        \"arn:aws:s3:::tf-test-yagel-bucket/*\"\n      ]\n    },\n    {\n      \"Effect\": \"Allow\",\n      \"Action\": [\n        \"kinesis:DescribeStream\",\n        \"kinesis:GetShardIterator\",\n        \"kinesis:GetRecords\"\n      ],\n      \"Resource\": \"arn:aws:kinesis:us-east-1:842268280435:stream/terraform-kinesis-test-yagel\"\n    }\n  ]\n}\n",
                            "role": "firehose_test_role"
                        },
                        "meta": {},
                        "tainted": false
                    },
                    "deposed": [],
                    "provider": "provider.aws"
                },
                "aws_iam_role_policy_attachment.admin-access-policy": {
                    "type": "aws_iam_role_policy_attachment",
                    "depends_on": [
                        "aws_iam_role.admin-access-role"
                    ],
                    "primary": {
                        "id": "AdminAccessRole-20190330174243795800000001",
                        "attributes": {
                            "id": "AdminAccessRole-20190330174243795800000001",
                            "policy_arn": "arn:aws:iam::aws:policy/AdministratorAccess",
                            "role": "AdminAccessRole"
                        },
                        "meta": {},
                        "tainted": false
                    },
                    "deposed": [],
                    "provider": "provider.aws"
                },
                "aws_iam_service_linked_role.es": {
                    "type": "aws_iam_service_linked_role",
                    "depends_on": [],
                    "primary": {
                        "id": "arn:aws:iam::842268280435:role/aws-service-role/es.amazonaws.com/AWSServiceRoleForAmazonElasticsearchService",
                        "attributes": {
                            "arn": "arn:aws:iam::842268280435:role/aws-service-role/es.amazonaws.com/AWSServiceRoleForAmazonElasticsearchService",
                            "aws_service_name": "es.amazonaws.com",
                            "custom_suffix": "",
                            "description": "",
                            "id": "arn:aws:iam::842268280435:role/aws-service-role/es.amazonaws.com/AWSServiceRoleForAmazonElasticsearchService",
                            "name": "AWSServiceRoleForAmazonElasticsearchService",
                            "path": "/aws-service-role/es.amazonaws.com/",
                            "unique_id": "AROA4IGY2AZZ576UL6HJH"
                        },
                        "meta": {},
                        "tainted": false
                    },
                    "deposed": [],
                    "provider": "provider.aws"
                },
                "aws_kinesis_firehose_delivery_stream.test_stream": {
                    "type": "aws_kinesis_firehose_delivery_stream",
                    "depends_on": [
                        "aws_elasticsearch_domain.test_cluster",
                        "aws_iam_role.admin-access-role",
                        "aws_iam_role.firehose_role",
                        "aws_kinesis_stream.test_stream",
                        "aws_s3_bucket.bucket"
                    ],
                    "primary": {
                        "id": "arn:aws:firehose:us-east-1:842268280435:deliverystream/terraform-kinesis-firehose-yagel-stream",
                        "attributes": {
                            "arn": "arn:aws:firehose:us-east-1:842268280435:deliverystream/terraform-kinesis-firehose-yagel-stream",
                            "destination": "elasticsearch",
                            "destination_id": "destinationId-000000000001",
                            "elasticsearch_configuration.#": "1",
                            "elasticsearch_configuration.0.buffering_interval": "300",
                            "elasticsearch_configuration.0.buffering_size": "5",
                            "elasticsearch_configuration.0.cloudwatch_logging_options.#": "1",
                            "elasticsearch_configuration.0.cloudwatch_logging_options.2513562885.enabled": "false",
                            "elasticsearch_configuration.0.cloudwatch_logging_options.2513562885.log_group_name": "",
                            "elasticsearch_configuration.0.cloudwatch_logging_options.2513562885.log_stream_name": "",
                            "elasticsearch_configuration.0.domain_arn": "arn:aws:es:us-east-1:842268280435:domain/firehose-es-test-yagel",
                            "elasticsearch_configuration.0.index_name": "test",
                            "elasticsearch_configuration.0.index_rotation_period": "OneDay",
                            "elasticsearch_configuration.0.processing_configuration.#": "0",
                            "elasticsearch_configuration.0.retry_duration": "300",
                            "elasticsearch_configuration.0.role_arn": "arn:aws:iam::842268280435:role/AdminAccessRole",
                            "elasticsearch_configuration.0.s3_backup_mode": "FailedDocumentsOnly",
                            "elasticsearch_configuration.0.type_name": "test",
                            "id": "arn:aws:firehose:us-east-1:842268280435:deliverystream/terraform-kinesis-firehose-yagel-stream",
                            "kinesis_source_configuration.#": "1",
                            "kinesis_source_configuration.0.kinesis_stream_arn": "arn:aws:kinesis:us-east-1:842268280435:stream/terraform-kinesis-test-yagel",
                            "kinesis_source_configuration.0.role_arn": "arn:aws:iam::842268280435:role/firehose_test_role",
                            "name": "terraform-kinesis-firehose-yagel-stream",
                            "s3_configuration.#": "1",
                            "s3_configuration.0.bucket_arn": "arn:aws:s3:::tf-test-yagel-bucket",
                            "s3_configuration.0.buffer_interval": "400",
                            "s3_configuration.0.buffer_size": "10",
                            "s3_configuration.0.cloudwatch_logging_options.#": "1",
                            "s3_configuration.0.cloudwatch_logging_options.2513562885.enabled": "false",
                            "s3_configuration.0.cloudwatch_logging_options.2513562885.log_group_name": "",
                            "s3_configuration.0.cloudwatch_logging_options.2513562885.log_stream_name": "",
                            "s3_configuration.0.compression_format": "GZIP",
                            "s3_configuration.0.kms_key_arn": "",
                            "s3_configuration.0.prefix": "",
                            "s3_configuration.0.role_arn": "arn:aws:iam::842268280435:role/firehose_test_role",
                            "tags.%": "0",
                            "version_id": "1"
                        },
                        "meta": {
                            "schema_version": "1"
                        },
                        "tainted": false
                    },
                    "deposed": [],
                    "provider": "provider.aws"
                },
                "aws_kinesis_stream.test_stream": {
                    "type": "aws_kinesis_stream",
                    "depends_on": [],
                    "primary": {
                        "id": "arn:aws:kinesis:us-east-1:842268280435:stream/terraform-kinesis-test-yagel",
                        "attributes": {
                            "arn": "arn:aws:kinesis:us-east-1:842268280435:stream/terraform-kinesis-test-yagel",
                            "encryption_type": "NONE",
                            "id": "arn:aws:kinesis:us-east-1:842268280435:stream/terraform-kinesis-test-yagel",
                            "kms_key_id": "",
                            "name": "terraform-kinesis-test-yagel",
                            "retention_period": "30",
                            "shard_count": "1",
                            "shard_level_metrics.#": "2",
                            "shard_level_metrics.123700221": "IncomingBytes",
                            "shard_level_metrics.1625074920": "OutgoingBytes",
                            "tags.%": "1",
                            "tags.Environment": "test"
                        },
                        "meta": {
                            "e2bfb730-ecaa-11e6-8f88-34363bc7c4c0": {
                                "create": 300000000000,
                                "delete": 7200000000000,
                                "update": 7200000000000
                            }
                        },
                        "tainted": false
                    },
                    "deposed": [],
                    "provider": "provider.aws"
                },
                "aws_s3_bucket.bucket": {
                    "type": "aws_s3_bucket",
                    "depends_on": [],
                    "primary": {
                        "id": "tf-test-yagel-bucket",
                        "attributes": {
                            "acceleration_status": "",
                            "acl": "private",
                            "arn": "arn:aws:s3:::tf-test-yagel-bucket",
                            "bucket": "tf-test-yagel-bucket",
                            "bucket_domain_name": "tf-test-yagel-bucket.s3.amazonaws.com",
                            "bucket_regional_domain_name": "tf-test-yagel-bucket.s3.amazonaws.com",
                            "cors_rule.#": "0",
                            "force_destroy": "false",
                            "hosted_zone_id": "Z3AQBSTGFYJSTF",
                            "id": "tf-test-yagel-bucket",
                            "lifecycle_rule.#": "0",
                            "logging.#": "0",
                            "object_lock_configuration.#": "0",
                            "region": "us-east-1",
                            "replication_configuration.#": "0",
                            "request_payer": "BucketOwner",
                            "server_side_encryption_configuration.#": "0",
                            "tags.%": "0",
                            "versioning.#": "1",
                            "versioning.0.enabled": "false",
                            "versioning.0.mfa_delete": "false",
                            "website.#": "0"
                        },
                        "meta": {},
                        "tainted": false
                    },
                    "deposed": [],
                    "provider": "provider.aws"
                }
            },
            "depends_on": []
        }
    ]
}
